{
  "name": "raw-loader",
  "version": "1.0.0",
  "lockfileVersion": 1,
  "requires": true,
  "dependencies": {
    "loader-runner": {
      "version": "4.2.0",
      "resolved": "https://nexus.mychery.com/repository/npm-public/loader-runner/-/loader-runner-4.2.0.tgz",
      "integrity": "sha1-1wIjgNZtFMX7HUlriYZOvP1Hg4Q="
    }
  }
}
